// !$*UTF8*$!
{
	archiveVersion = 1;
	classes = {
	};
	objectVersion = 46;
	objects = {

/* Begin PBXBuildFile section */
		411454D11A895BEC0092E645 /* SMPost.swift in Sources */ = {isa = PBXBuildFile; fileRef = 411454D01A895BEC0092E645 /* SMPost.swift */; };
		411454D31A8967B20092E645 /* SMMessageHandlerDispatch.swift in Sources */ = {isa = PBXBuildFile; fileRef = 411454D21A8967B20092E645 /* SMMessageHandlerDispatch.swift */; };
		411454D51A896B690092E645 /* SMMessageHandlerProtocol.swift in Sources */ = {isa = PBXBuildFile; fileRef = 411454D41A896B690092E645 /* SMMessageHandlerProtocol.swift */; };
		41180F591A7DA68500DCD16D /* SMPeer.swift in Sources */ = {isa = PBXBuildFile; fileRef = 41180F581A7DA68500DCD16D /* SMPeer.swift */; };
		411E3A7D1A9E5BA000AF5D4F /* SMMessageType.swift in Sources */ = {isa = PBXBuildFile; fileRef = 411E3A7C1A9E5BA000AF5D4F /* SMMessageType.swift */; };
		411E3A821A9E68D700AF5D4F /* SMHeartbeatHandler.swift in Sources */ = {isa = PBXBuildFile; fileRef = 411E3A811A9E68D700AF5D4F /* SMHeartbeatHandler.swift */; };
		411E3A841A9E68E500AF5D4F /* SMProfileHandler.swift in Sources */ = {isa = PBXBuildFile; fileRef = 411E3A831A9E68E500AF5D4F /* SMProfileHandler.swift */; };
		411E3A861A9E690700AF5D4F /* SMImageHandler.swift in Sources */ = {isa = PBXBuildFile; fileRef = 411E3A851A9E690700AF5D4F /* SMImageHandler.swift */; };
		411E3A881A9E691400AF5D4F /* SMTextHandler.swift in Sources */ = {isa = PBXBuildFile; fileRef = 411E3A871A9E691400AF5D4F /* SMTextHandler.swift */; };
		4131DC3E1ACC89460013D751 /* HonoursProject.xcdatamodeld in Sources */ = {isa = PBXBuildFile; fileRef = 4131DC3B1ACC89460013D751 /* HonoursProject.xcdatamodeld */; };
		414869331A9E7EB9006A3BAB /* Utils.swift in Sources */ = {isa = PBXBuildFile; fileRef = 414869321A9E7EB9006A3BAB /* Utils.swift */; };
		414869351AA3FD62006A3BAB /* SMUserProfile.swift in Sources */ = {isa = PBXBuildFile; fileRef = 414869341AA3FD62006A3BAB /* SMUserProfile.swift */; };
		414C31C31AB0FFEF0075BD53 /* PrivateMessagingViewController.swift in Sources */ = {isa = PBXBuildFile; fileRef = 414C31C21AB0FFEF0075BD53 /* PrivateMessagingViewController.swift */; };
		414C31C91AB1F1C20075BD53 /* SMTypingHandler.swift in Sources */ = {isa = PBXBuildFile; fileRef = 414C31C81AB1F1C20075BD53 /* SMTypingHandler.swift */; };
		414C31CE1AB22EA80075BD53 /* SMResourceManager.swift in Sources */ = {isa = PBXBuildFile; fileRef = 414C31CD1AB22EA80075BD53 /* SMResourceManager.swift */; };
		417EF4D51A78858500689B1E /* SMMessage.swift in Sources */ = {isa = PBXBuildFile; fileRef = 417EF4D41A78858500689B1E /* SMMessage.swift */; };
		4195ABC31A3F912B001807E9 /* PeerViewController.swift in Sources */ = {isa = PBXBuildFile; fileRef = 4195ABC21A3F912B001807E9 /* PeerViewController.swift */; };
		41C6C9931AA527DE008A6E1C /* SMMessageFactory.swift in Sources */ = {isa = PBXBuildFile; fileRef = 41C6C9921AA527DE008A6E1C /* SMMessageFactory.swift */; };
		41C6C9951AA53F5D008A6E1C /* SMMessageHandlerDelegate.swift in Sources */ = {isa = PBXBuildFile; fileRef = 41C6C9941AA53F5D008A6E1C /* SMMessageHandlerDelegate.swift */; };
		41DDE3E41A1E7FD3009CF828 /* AppDelegate.swift in Sources */ = {isa = PBXBuildFile; fileRef = 41DDE3E31A1E7FD3009CF828 /* AppDelegate.swift */; };
		41DDE3E61A1E7FD3009CF828 /* NoticeBoardViewController.swift in Sources */ = {isa = PBXBuildFile; fileRef = 41DDE3E51A1E7FD3009CF828 /* NoticeBoardViewController.swift */; };
		41DDE3EB1A1E7FD3009CF828 /* Main.storyboard in Resources */ = {isa = PBXBuildFile; fileRef = 41DDE3E91A1E7FD3009CF828 /* Main.storyboard */; };
		41DDE3ED1A1E7FD3009CF828 /* Images.xcassets in Resources */ = {isa = PBXBuildFile; fileRef = 41DDE3EC1A1E7FD3009CF828 /* Images.xcassets */; };
		41DDE3F01A1E7FD4009CF828 /* LaunchScreen.xib in Resources */ = {isa = PBXBuildFile; fileRef = 41DDE3EE1A1E7FD4009CF828 /* LaunchScreen.xib */; };
		41DDE3FC1A1E7FD4009CF828 /* HonoursProjectTests.swift in Sources */ = {isa = PBXBuildFile; fileRef = 41DDE3FB1A1E7FD4009CF828 /* HonoursProjectTests.swift */; };
		41E79B541AC213AF00B5CC1E /* SMPersistenceManager.swift in Sources */ = {isa = PBXBuildFile; fileRef = 41E79B531AC213AF00B5CC1E /* SMPersistenceManager.swift */; };
		41EC87CC1A648B8700B4BE68 /* SMUser.swift in Sources */ = {isa = PBXBuildFile; fileRef = 41EC87CB1A648B8700B4BE68 /* SMUser.swift */; };
		41EC87CE1A648B9E00B4BE68 /* SMManager.swift in Sources */ = {isa = PBXBuildFile; fileRef = 41EC87CD1A648B9E00B4BE68 /* SMManager.swift */; };
		41EC87D01A648BAD00B4BE68 /* SMPublicBoard.swift in Sources */ = {isa = PBXBuildFile; fileRef = 41EC87CF1A648BAD00B4BE68 /* SMPublicBoard.swift */; };
		41EC87D21A648BBE00B4BE68 /* SMPrivateSession.swift in Sources */ = {isa = PBXBuildFile; fileRef = 41EC87D11A648BBE00B4BE68 /* SMPrivateSession.swift */; };
		E5F1C02E2E905C5D4F530740 /* libPods-HonoursProject.a in Frameworks */ = {isa = PBXBuildFile; fileRef = 0ACB9781797C9A5DC286515A /* libPods-HonoursProject.a */; };
/* End PBXBuildFile section */

/* Begin PBXContainerItemProxy section */
		41DDE3F61A1E7FD4009CF828 /* PBXContainerItemProxy */ = {
			isa = PBXContainerItemProxy;
			containerPortal = 41DDE3D61A1E7FD3009CF828 /* Project object */;
			proxyType = 1;
			remoteGlobalIDString = 41DDE3DD1A1E7FD3009CF828;
			remoteInfo = HonoursProject;
		};
/* End PBXContainerItemProxy section */

/* Begin PBXFileReference section */
		0ACB9781797C9A5DC286515A /* libPods-HonoursProject.a */ = {isa = PBXFileReference; explicitFileType = archive.ar; includeInIndex = 0; path = "libPods-HonoursProject.a"; sourceTree = BUILT_PRODUCTS_DIR; };
		27E52D52C0A21CE273EBF9DF /* Pods-HonoursProject.debug.xcconfig */ = {isa = PBXFileReference; includeInIndex = 1; lastKnownFileType = text.xcconfig; name = "Pods-HonoursProject.debug.xcconfig"; path = "Pods/Target Support Files/Pods-HonoursProject/Pods-HonoursProject.debug.xcconfig"; sourceTree = "<group>"; };
		411454D01A895BEC0092E645 /* SMPost.swift */ = {isa = PBXFileReference; fileEncoding = 4; lastKnownFileType = sourcecode.swift; path = SMPost.swift; sourceTree = "<group>"; };
		411454D21A8967B20092E645 /* SMMessageHandlerDispatch.swift */ = {isa = PBXFileReference; fileEncoding = 4; lastKnownFileType = sourcecode.swift; path = SMMessageHandlerDispatch.swift; sourceTree = "<group>"; };
		411454D41A896B690092E645 /* SMMessageHandlerProtocol.swift */ = {isa = PBXFileReference; fileEncoding = 4; lastKnownFileType = sourcecode.swift; path = SMMessageHandlerProtocol.swift; sourceTree = "<group>"; };
		41180F581A7DA68500DCD16D /* SMPeer.swift */ = {isa = PBXFileReference; fileEncoding = 4; lastKnownFileType = sourcecode.swift; path = SMPeer.swift; sourceTree = "<group>"; };
		411E3A7C1A9E5BA000AF5D4F /* SMMessageType.swift */ = {isa = PBXFileReference; fileEncoding = 4; lastKnownFileType = sourcecode.swift; path = SMMessageType.swift; sourceTree = "<group>"; };
		411E3A811A9E68D700AF5D4F /* SMHeartbeatHandler.swift */ = {isa = PBXFileReference; fileEncoding = 4; lastKnownFileType = sourcecode.swift; path = SMHeartbeatHandler.swift; sourceTree = "<group>"; };
		411E3A831A9E68E500AF5D4F /* SMProfileHandler.swift */ = {isa = PBXFileReference; fileEncoding = 4; lastKnownFileType = sourcecode.swift; path = SMProfileHandler.swift; sourceTree = "<group>"; };
		411E3A851A9E690700AF5D4F /* SMImageHandler.swift */ = {isa = PBXFileReference; fileEncoding = 4; lastKnownFileType = sourcecode.swift; path = SMImageHandler.swift; sourceTree = "<group>"; };
		411E3A871A9E691400AF5D4F /* SMTextHandler.swift */ = {isa = PBXFileReference; fileEncoding = 4; lastKnownFileType = sourcecode.swift; path = SMTextHandler.swift; sourceTree = "<group>"; };
		4131DC3C1ACC89460013D751 /* HonoursProject 2.xcdatamodel */ = {isa = PBXFileReference; lastKnownFileType = wrapper.xcdatamodel; path = "HonoursProject 2.xcdatamodel"; sourceTree = "<group>"; };
		4131DC3D1ACC89460013D751 /* HonoursProject.xcdatamodel */ = {isa = PBXFileReference; lastKnownFileType = wrapper.xcdatamodel; path = HonoursProject.xcdatamodel; sourceTree = "<group>"; };
		414869321A9E7EB9006A3BAB /* Utils.swift */ = {isa = PBXFileReference; fileEncoding = 4; lastKnownFileType = sourcecode.swift; path = Utils.swift; sourceTree = "<group>"; };
		414869341AA3FD62006A3BAB /* SMUserProfile.swift */ = {isa = PBXFileReference; fileEncoding = 4; lastKnownFileType = sourcecode.swift; path = SMUserProfile.swift; sourceTree = "<group>"; };
		414C31C21AB0FFEF0075BD53 /* PrivateMessagingViewController.swift */ = {isa = PBXFileReference; fileEncoding = 4; lastKnownFileType = sourcecode.swift; path = PrivateMessagingViewController.swift; sourceTree = "<group>"; };
		414C31C51AB11A360075BD53 /* HonoursProject-Bridging-Header.h */ = {isa = PBXFileReference; lastKnownFileType = sourcecode.c.h; path = "HonoursProject-Bridging-Header.h"; sourceTree = "<group>"; };
		414C31C81AB1F1C20075BD53 /* SMTypingHandler.swift */ = {isa = PBXFileReference; fileEncoding = 4; lastKnownFileType = sourcecode.swift; path = SMTypingHandler.swift; sourceTree = "<group>"; };
		414C31CD1AB22EA80075BD53 /* SMResourceManager.swift */ = {isa = PBXFileReference; fileEncoding = 4; lastKnownFileType = sourcecode.swift; path = SMResourceManager.swift; sourceTree = "<group>"; };
		417EF4D41A78858500689B1E /* SMMessage.swift */ = {isa = PBXFileReference; fileEncoding = 4; lastKnownFileType = sourcecode.swift; path = SMMessage.swift; sourceTree = "<group>"; };
		4195ABC21A3F912B001807E9 /* PeerViewController.swift */ = {isa = PBXFileReference; fileEncoding = 4; lastKnownFileType = sourcecode.swift; path = PeerViewController.swift; sourceTree = "<group>"; };
		41C6C9921AA527DE008A6E1C /* SMMessageFactory.swift */ = {isa = PBXFileReference; fileEncoding = 4; lastKnownFileType = sourcecode.swift; path = SMMessageFactory.swift; sourceTree = "<group>"; };
		41C6C9941AA53F5D008A6E1C /* SMMessageHandlerDelegate.swift */ = {isa = PBXFileReference; fileEncoding = 4; lastKnownFileType = sourcecode.swift; path = SMMessageHandlerDelegate.swift; sourceTree = "<group>"; };
		41DDE3DE1A1E7FD3009CF828 /* HonoursProject.app */ = {isa = PBXFileReference; explicitFileType = wrapper.application; includeInIndex = 0; path = HonoursProject.app; sourceTree = BUILT_PRODUCTS_DIR; };
		41DDE3E21A1E7FD3009CF828 /* Info.plist */ = {isa = PBXFileReference; lastKnownFileType = text.plist.xml; path = Info.plist; sourceTree = "<group>"; };
		41DDE3E31A1E7FD3009CF828 /* AppDelegate.swift */ = {isa = PBXFileReference; lastKnownFileType = sourcecode.swift; path = AppDelegate.swift; sourceTree = "<group>"; };
		41DDE3E51A1E7FD3009CF828 /* NoticeBoardViewController.swift */ = {isa = PBXFileReference; lastKnownFileType = sourcecode.swift; path = NoticeBoardViewController.swift; sourceTree = "<group>"; };
		41DDE3EA1A1E7FD3009CF828 /* Base */ = {isa = PBXFileReference; lastKnownFileType = file.storyboard; name = Base; path = Base.lproj/Main.storyboard; sourceTree = "<group>"; };
		41DDE3EC1A1E7FD3009CF828 /* Images.xcassets */ = {isa = PBXFileReference; lastKnownFileType = folder.assetcatalog; path = Images.xcassets; sourceTree = "<group>"; };
		41DDE3EF1A1E7FD4009CF828 /* Base */ = {isa = PBXFileReference; lastKnownFileType = file.xib; name = Base; path = Base.lproj/LaunchScreen.xib; sourceTree = "<group>"; };
		41DDE3F51A1E7FD4009CF828 /* HonoursProjectTests.xctest */ = {isa = PBXFileReference; explicitFileType = wrapper.cfbundle; includeInIndex = 0; path = HonoursProjectTests.xctest; sourceTree = BUILT_PRODUCTS_DIR; };
		41DDE3FA1A1E7FD4009CF828 /* Info.plist */ = {isa = PBXFileReference; lastKnownFileType = text.plist.xml; path = Info.plist; sourceTree = "<group>"; };
		41DDE3FB1A1E7FD4009CF828 /* HonoursProjectTests.swift */ = {isa = PBXFileReference; lastKnownFileType = sourcecode.swift; path = HonoursProjectTests.swift; sourceTree = "<group>"; };
		41E79B531AC213AF00B5CC1E /* SMPersistenceManager.swift */ = {isa = PBXFileReference; fileEncoding = 4; lastKnownFileType = sourcecode.swift; path = SMPersistenceManager.swift; sourceTree = "<group>"; };
		41EC87CB1A648B8700B4BE68 /* SMUser.swift */ = {isa = PBXFileReference; fileEncoding = 4; lastKnownFileType = sourcecode.swift; path = SMUser.swift; sourceTree = "<group>"; };
		41EC87CD1A648B9E00B4BE68 /* SMManager.swift */ = {isa = PBXFileReference; fileEncoding = 4; lastKnownFileType = sourcecode.swift; path = SMManager.swift; sourceTree = "<group>"; };
		41EC87CF1A648BAD00B4BE68 /* SMPublicBoard.swift */ = {isa = PBXFileReference; fileEncoding = 4; lastKnownFileType = sourcecode.swift; path = SMPublicBoard.swift; sourceTree = "<group>"; };
		41EC87D11A648BBE00B4BE68 /* SMPrivateSession.swift */ = {isa = PBXFileReference; fileEncoding = 4; lastKnownFileType = sourcecode.swift; path = SMPrivateSession.swift; sourceTree = "<group>"; };
		CF834D46768584415642F038 /* Pods-HonoursProject.release.xcconfig */ = {isa = PBXFileReference; includeInIndex = 1; lastKnownFileType = text.xcconfig; name = "Pods-HonoursProject.release.xcconfig"; path = "Pods/Target Support Files/Pods-HonoursProject/Pods-HonoursProject.release.xcconfig"; sourceTree = "<group>"; };
/* End PBXFileReference section */

/* Begin PBXFrameworksBuildPhase section */
		41DDE3DB1A1E7FD3009CF828 /* Frameworks */ = {
			isa = PBXFrameworksBuildPhase;
			buildActionMask = 2147483647;
			files = (
				E5F1C02E2E905C5D4F530740 /* libPods-HonoursProject.a in Frameworks */,
			);
			runOnlyForDeploymentPostprocessing = 0;
		};
		41DDE3F21A1E7FD4009CF828 /* Frameworks */ = {
			isa = PBXFrameworksBuildPhase;
			buildActionMask = 2147483647;
			files = (
			);
			runOnlyForDeploymentPostprocessing = 0;
		};
/* End PBXFrameworksBuildPhase section */

/* Begin PBXGroup section */
		411454D61A896BA10092E645 /* SMMessaging */ = {
			isa = PBXGroup;
			children = (
				411E3A801A9E68AE00AF5D4F /* SMMessageHandlers */,
				417EF4D41A78858500689B1E /* SMMessage.swift */,
				41C6C9921AA527DE008A6E1C /* SMMessageFactory.swift */,
				411E3A7C1A9E5BA000AF5D4F /* SMMessageType.swift */,
				411454D21A8967B20092E645 /* SMMessageHandlerDispatch.swift */,
				411454D41A896B690092E645 /* SMMessageHandlerProtocol.swift */,
				41C6C9941AA53F5D008A6E1C /* SMMessageHandlerDelegate.swift */,
			);
			name = SMMessaging;
			sourceTree = "<group>";
		};
		411E3A801A9E68AE00AF5D4F /* SMMessageHandlers */ = {
			isa = PBXGroup;
			children = (
				411E3A811A9E68D700AF5D4F /* SMHeartbeatHandler.swift */,
				411E3A831A9E68E500AF5D4F /* SMProfileHandler.swift */,
				411E3A851A9E690700AF5D4F /* SMImageHandler.swift */,
				411E3A871A9E691400AF5D4F /* SMTextHandler.swift */,
				414C31C81AB1F1C20075BD53 /* SMTypingHandler.swift */,
			);
			name = SMMessageHandlers;
			sourceTree = "<group>";
		};
		414869311A9E7EAA006A3BAB /* Utils */ = {
			isa = PBXGroup;
			children = (
				414869321A9E7EB9006A3BAB /* Utils.swift */,
			);
			name = Utils;
			sourceTree = "<group>";
		};
		414C31CA1AB22E540075BD53 /* SMSessions */ = {
			isa = PBXGroup;
			children = (
				411454D01A895BEC0092E645 /* SMPost.swift */,
				41EC87CF1A648BAD00B4BE68 /* SMPublicBoard.swift */,
				41EC87D11A648BBE00B4BE68 /* SMPrivateSession.swift */,
			);
			name = SMSessions;
			sourceTree = "<group>";
		};
		414C31CB1AB22E710075BD53 /* SMUsers */ = {
			isa = PBXGroup;
			children = (
				41EC87CB1A648B8700B4BE68 /* SMUser.swift */,
				414869341AA3FD62006A3BAB /* SMUserProfile.swift */,
				41180F581A7DA68500DCD16D /* SMPeer.swift */,
			);
			name = SMUsers;
			sourceTree = "<group>";
		};
		414C31CC1AB22E920075BD53 /* SMPersistence */ = {
			isa = PBXGroup;
			children = (
				41E79B531AC213AF00B5CC1E /* SMPersistenceManager.swift */,
			);
			name = SMPersistence;
			sourceTree = "<group>";
		};
		4195ABBF1A3F8DD9001807E9 /* SocialMeshFramework */ = {
			isa = PBXGroup;
			children = (
				41E79B521AC2138400B5CC1E /* SMResource */,
				414C31CC1AB22E920075BD53 /* SMPersistence */,
				414C31CB1AB22E710075BD53 /* SMUsers */,
				414C31CA1AB22E540075BD53 /* SMSessions */,
				414869311A9E7EAA006A3BAB /* Utils */,
				411454D61A896BA10092E645 /* SMMessaging */,
				41EC87CD1A648B9E00B4BE68 /* SMManager.swift */,
			);
			name = SocialMeshFramework;
			sourceTree = "<group>";
		};
		41DDE3D51A1E7FD3009CF828 = {
			isa = PBXGroup;
			children = (
				41DDE3E01A1E7FD3009CF828 /* HonoursProject */,
				41DDE3F81A1E7FD4009CF828 /* HonoursProjectTests */,
				41DDE3DF1A1E7FD3009CF828 /* Products */,
				8F9F2F0CE7D060D0771534D7 /* Pods */,
				A7895AFF7EFF3D06C72C13BF /* Frameworks */,
			);
			sourceTree = "<group>";
		};
		41DDE3DF1A1E7FD3009CF828 /* Products */ = {
			isa = PBXGroup;
			children = (
				41DDE3DE1A1E7FD3009CF828 /* HonoursProject.app */,
				41DDE3F51A1E7FD4009CF828 /* HonoursProjectTests.xctest */,
			);
			name = Products;
			sourceTree = "<group>";
		};
		41DDE3E01A1E7FD3009CF828 /* HonoursProject */ = {
			isa = PBXGroup;
			children = (
				4195ABBF1A3F8DD9001807E9 /* SocialMeshFramework */,
				41DDE3E31A1E7FD3009CF828 /* AppDelegate.swift */,
				41DDE3E51A1E7FD3009CF828 /* NoticeBoardViewController.swift */,
				4195ABC21A3F912B001807E9 /* PeerViewController.swift */,
				414C31C21AB0FFEF0075BD53 /* PrivateMessagingViewController.swift */,
				4131DC3B1ACC89460013D751 /* HonoursProject.xcdatamodeld */,
				41DDE3E91A1E7FD3009CF828 /* Main.storyboard */,
				41DDE3EC1A1E7FD3009CF828 /* Images.xcassets */,
				41DDE3EE1A1E7FD4009CF828 /* LaunchScreen.xib */,
				41DDE3E11A1E7FD3009CF828 /* Supporting Files */,
				414C31C51AB11A360075BD53 /* HonoursProject-Bridging-Header.h */,
			);
			path = HonoursProject;
			sourceTree = "<group>";
		};
		41DDE3E11A1E7FD3009CF828 /* Supporting Files */ = {
			isa = PBXGroup;
			children = (
				41DDE3E21A1E7FD3009CF828 /* Info.plist */,
			);
			name = "Supporting Files";
			sourceTree = "<group>";
		};
		41DDE3F81A1E7FD4009CF828 /* HonoursProjectTests */ = {
			isa = PBXGroup;
			children = (
				41DDE3FB1A1E7FD4009CF828 /* HonoursProjectTests.swift */,
				41DDE3F91A1E7FD4009CF828 /* Supporting Files */,
			);
			path = HonoursProjectTests;
			sourceTree = "<group>";
		};
		41DDE3F91A1E7FD4009CF828 /* Supporting Files */ = {
			isa = PBXGroup;
			children = (
				41DDE3FA1A1E7FD4009CF828 /* Info.plist */,
			);
			name = "Supporting Files";
			sourceTree = "<group>";
		};
		41E79B521AC2138400B5CC1E /* SMResource */ = {
			isa = PBXGroup;
			children = (
				414C31CD1AB22EA80075BD53 /* SMResourceManager.swift */,
			);
			name = SMResource;
			sourceTree = "<group>";
		};
		8F9F2F0CE7D060D0771534D7 /* Pods */ = {
			isa = PBXGroup;
			children = (
				27E52D52C0A21CE273EBF9DF /* Pods-HonoursProject.debug.xcconfig */,
				CF834D46768584415642F038 /* Pods-HonoursProject.release.xcconfig */,
			);
			name = Pods;
			sourceTree = "<group>";
		};
		A7895AFF7EFF3D06C72C13BF /* Frameworks */ = {
			isa = PBXGroup;
			children = (
				0ACB9781797C9A5DC286515A /* libPods-HonoursProject.a */,
			);
			name = Frameworks;
			sourceTree = "<group>";
		};
/* End PBXGroup section */

/* Begin PBXNativeTarget section */
		41DDE3DD1A1E7FD3009CF828 /* HonoursProject */ = {
			isa = PBXNativeTarget;
			buildConfigurationList = 41DDE3FF1A1E7FD4009CF828 /* Build configuration list for PBXNativeTarget "HonoursProject" */;
			buildPhases = (
				D549A025D361815BBDD6C947 /* Check Pods Manifest.lock */,
				41DDE3DA1A1E7FD3009CF828 /* Sources */,
				41DDE3DB1A1E7FD3009CF828 /* Frameworks */,
				41DDE3DC1A1E7FD3009CF828 /* Resources */,
				ED95B98DA10BC4E5B9363D07 /* Copy Pods Resources */,
			);
			buildRules = (
			);
			dependencies = (
			);
			name = HonoursProject;
			productName = HonoursProject;
			productReference = 41DDE3DE1A1E7FD3009CF828 /* HonoursProject.app */;
			productType = "com.apple.product-type.application";
		};
		41DDE3F41A1E7FD4009CF828 /* HonoursProjectTests */ = {
			isa = PBXNativeTarget;
			buildConfigurationList = 41DDE4021A1E7FD4009CF828 /* Build configuration list for PBXNativeTarget "HonoursProjectTests" */;
			buildPhases = (
				41DDE3F11A1E7FD4009CF828 /* Sources */,
				41DDE3F21A1E7FD4009CF828 /* Frameworks */,
				41DDE3F31A1E7FD4009CF828 /* Resources */,
			);
			buildRules = (
			);
			dependencies = (
				41DDE3F71A1E7FD4009CF828 /* PBXTargetDependency */,
			);
			name = HonoursProjectTests;
			productName = HonoursProjectTests;
			productReference = 41DDE3F51A1E7FD4009CF828 /* HonoursProjectTests.xctest */;
			productType = "com.apple.product-type.bundle.unit-test";
		};
/* End PBXNativeTarget section */

/* Begin PBXProject section */
		41DDE3D61A1E7FD3009CF828 /* Project object */ = {
			isa = PBXProject;
			attributes = {
				LastUpgradeCheck = 0610;
				ORGANIZATIONNAME = "John Marsh";
				TargetAttributes = {
					41DDE3DD1A1E7FD3009CF828 = {
						CreatedOnToolsVersion = 6.1;
						DevelopmentTeam = SYB85L3A7X;
					};
					41DDE3F41A1E7FD4009CF828 = {
						CreatedOnToolsVersion = 6.1;
						TestTargetID = 41DDE3DD1A1E7FD3009CF828;
					};
				};
			};
			buildConfigurationList = 41DDE3D91A1E7FD3009CF828 /* Build configuration list for PBXProject "HonoursProject" */;
			compatibilityVersion = "Xcode 3.2";
			developmentRegion = English;
			hasScannedForEncodings = 0;
			knownRegions = (
				en,
				Base,
			);
			mainGroup = 41DDE3D51A1E7FD3009CF828;
			productRefGroup = 41DDE3DF1A1E7FD3009CF828 /* Products */;
			projectDirPath = "";
			projectRoot = "";
			targets = (
				41DDE3DD1A1E7FD3009CF828 /* HonoursProject */,
				41DDE3F41A1E7FD4009CF828 /* HonoursProjectTests */,
			);
		};
/* End PBXProject section */

/* Begin PBXResourcesBuildPhase section */
		41DDE3DC1A1E7FD3009CF828 /* Resources */ = {
			isa = PBXResourcesBuildPhase;
			buildActionMask = 2147483647;
			files = (
				41DDE3EB1A1E7FD3009CF828 /* Main.storyboard in Resources */,
				41DDE3F01A1E7FD4009CF828 /* LaunchScreen.xib in Resources */,
				41DDE3ED1A1E7FD3009CF828 /* Images.xcassets in Resources */,
			);
			runOnlyForDeploymentPostprocessing = 0;
		};
		41DDE3F31A1E7FD4009CF828 /* Resources */ = {
			isa = PBXResourcesBuildPhase;
			buildActionMask = 2147483647;
			files = (
			);
			runOnlyForDeploymentPostprocessing = 0;
		};
/* End PBXResourcesBuildPhase section */

/* Begin PBXShellScriptBuildPhase section */
		D549A025D361815BBDD6C947 /* Check Pods Manifest.lock */ = {
			isa = PBXShellScriptBuildPhase;
			buildActionMask = 2147483647;
			files = (
			);
			inputPaths = (
			);
			name = "Check Pods Manifest.lock";
			outputPaths = (
			);
			runOnlyForDeploymentPostprocessing = 0;
			shellPath = /bin/sh;
			shellScript = "diff \"${PODS_ROOT}/../Podfile.lock\" \"${PODS_ROOT}/Manifest.lock\" > /dev/null\nif [[ $? != 0 ]] ; then\n    cat << EOM\nerror: The sandbox is not in sync with the Podfile.lock. Run 'pod install' or update your CocoaPods installation.\nEOM\n    exit 1\nfi\n";
			showEnvVarsInLog = 0;
		};
		ED95B98DA10BC4E5B9363D07 /* Copy Pods Resources */ = {
			isa = PBXShellScriptBuildPhase;
			buildActionMask = 2147483647;
			files = (
			);
			inputPaths = (
			);
			name = "Copy Pods Resources";
			outputPaths = (
			);
			runOnlyForDeploymentPostprocessing = 0;
			shellPath = /bin/sh;
			shellScript = "\"${SRCROOT}/Pods/Target Support Files/Pods-HonoursProject/Pods-HonoursProject-resources.sh\"\n";
			showEnvVarsInLog = 0;
		};
/* End PBXShellScriptBuildPhase section */

/* Begin PBXSourcesBuildPhase section */
		41DDE3DA1A1E7FD3009CF828 /* Sources */ = {
			isa = PBXSourcesBuildPhase;
			buildActionMask = 2147483647;
			files = (
				414C31CE1AB22EA80075BD53 /* SMResourceManager.swift in Sources */,
				414869351AA3FD62006A3BAB /* SMUserProfile.swift in Sources */,
				4131DC3E1ACC89460013D751 /* HonoursProject.xcdatamodeld in Sources */,
				411E3A861A9E690700AF5D4F /* SMImageHandler.swift in Sources */,
				411454D31A8967B20092E645 /* SMMessageHandlerDispatch.swift in Sources */,
				411E3A841A9E68E500AF5D4F /* SMProfileHandler.swift in Sources */,
				41DDE3E41A1E7FD3009CF828 /* AppDelegate.swift in Sources */,
				411454D51A896B690092E645 /* SMMessageHandlerProtocol.swift in Sources */,
				41E79B541AC213AF00B5CC1E /* SMPersistenceManager.swift in Sources */,
				41C6C9931AA527DE008A6E1C /* SMMessageFactory.swift in Sources */,
				41EC87D01A648BAD00B4BE68 /* SMPublicBoard.swift in Sources */,
				411E3A881A9E691400AF5D4F /* SMTextHandler.swift in Sources */,
				414C31C91AB1F1C20075BD53 /* SMTypingHandler.swift in Sources */,
				41EC87D21A648BBE00B4BE68 /* SMPrivateSession.swift in Sources */,
				41180F591A7DA68500DCD16D /* SMPeer.swift in Sources */,
				4195ABC31A3F912B001807E9 /* PeerViewController.swift in Sources */,
				411E3A7D1A9E5BA000AF5D4F /* SMMessageType.swift in Sources */,
				414869331A9E7EB9006A3BAB /* Utils.swift in Sources */,
				41EC87CC1A648B8700B4BE68 /* SMUser.swift in Sources */,
				41C6C9951AA53F5D008A6E1C /* SMMessageHandlerDelegate.swift in Sources */,
				41DDE3E61A1E7FD3009CF828 /* NoticeBoardViewController.swift in Sources */,
				41EC87CE1A648B9E00B4BE68 /* SMManager.swift in Sources */,
				411E3A821A9E68D700AF5D4F /* SMHeartbeatHandler.swift in Sources */,
				417EF4D51A78858500689B1E /* SMMessage.swift in Sources */,
				414C31C31AB0FFEF0075BD53 /* PrivateMessagingViewController.swift in Sources */,
				411454D11A895BEC0092E645 /* SMPost.swift in Sources */,
			);
			runOnlyForDeploymentPostprocessing = 0;
		};
		41DDE3F11A1E7FD4009CF828 /* Sources */ = {
			isa = PBXSourcesBuildPhase;
			buildActionMask = 2147483647;
			files = (
				41DDE3FC1A1E7FD4009CF828 /* HonoursProjectTests.swift in Sources */,
			);
			runOnlyForDeploymentPostprocessing = 0;
		};
/* End PBXSourcesBuildPhase section */

/* Begin PBXTargetDependency section */
		41DDE3F71A1E7FD4009CF828 /* PBXTargetDependency */ = {
			isa = PBXTargetDependency;
			target = 41DDE3DD1A1E7FD3009CF828 /* HonoursProject */;
			targetProxy = 41DDE3F61A1E7FD4009CF828 /* PBXContainerItemProxy */;
		};
/* End PBXTargetDependency section */

/* Begin PBXVariantGroup section */
		41DDE3E91A1E7FD3009CF828 /* Main.storyboard */ = {
			isa = PBXVariantGroup;
			children = (
				41DDE3EA1A1E7FD3009CF828 /* Base */,
			);
			name = Main.storyboard;
			sourceTree = "<group>";
		};
		41DDE3EE1A1E7FD4009CF828 /* LaunchScreen.xib */ = {
			isa = PBXVariantGroup;
			children = (
				41DDE3EF1A1E7FD4009CF828 /* Base */,
			);
			name = LaunchScreen.xib;
			sourceTree = "<group>";
		};
/* End PBXVariantGroup section */

/* Begin XCBuildConfiguration section */
		41DDE3FD1A1E7FD4009CF828 /* Debug */ = {
			isa = XCBuildConfiguration;
			buildSettings = {
				ALWAYS_SEARCH_USER_PATHS = NO;
				CLANG_CXX_LANGUAGE_STANDARD = "gnu++0x";
				CLANG_CXX_LIBRARY = "libc++";
				CLANG_ENABLE_MODULES = YES;
				CLANG_ENABLE_OBJC_ARC = YES;
				CLANG_WARN_BOOL_CONVERSION = YES;
				CLANG_WARN_CONSTANT_CONVERSION = YES;
				CLANG_WARN_DIRECT_OBJC_ISA_USAGE = YES_ERROR;
				CLANG_WARN_EMPTY_BODY = YES;
				CLANG_WARN_ENUM_CONVERSION = YES;
				CLANG_WARN_INT_CONVERSION = YES;
				CLANG_WARN_OBJC_ROOT_CLASS = YES_ERROR;
				CLANG_WARN_UNREACHABLE_CODE = YES;
				CLANG_WARN__DUPLICATE_METHOD_MATCH = YES;
				CODE_SIGN_IDENTITY = "iPhone Developer";
				"CODE_SIGN_IDENTITY[sdk=iphoneos*]" = "iPhone Developer";
				COPY_PHASE_STRIP = NO;
				ENABLE_STRICT_OBJC_MSGSEND = YES;
				GCC_C_LANGUAGE_STANDARD = gnu99;
				GCC_DYNAMIC_NO_PIC = NO;
				GCC_OPTIMIZATION_LEVEL = 0;
				GCC_PREPROCESSOR_DEFINITIONS = (
					"DEBUG=1",
					"$(inherited)",
				);
				GCC_SYMBOLS_PRIVATE_EXTERN = NO;
				GCC_WARN_64_TO_32_BIT_CONVERSION = YES;
				GCC_WARN_ABOUT_RETURN_TYPE = YES_ERROR;
				GCC_WARN_UNDECLARED_SELECTOR = YES;
				GCC_WARN_UNINITIALIZED_AUTOS = YES_AGGRESSIVE;
				GCC_WARN_UNUSED_FUNCTION = YES;
				GCC_WARN_UNUSED_VARIABLE = YES;
				IPHONEOS_DEPLOYMENT_TARGET = 8.2;
				MTL_ENABLE_DEBUG_INFO = YES;
				ONLY_ACTIVE_ARCH = YES;
				SDKROOT = iphoneos;
				SWIFT_OPTIMIZATION_LEVEL = "-Onone";
				TARGETED_DEVICE_FAMILY = "1,2";
			};
			name = Debug;
		};
		41DDE3FE1A1E7FD4009CF828 /* Release */ = {
			isa = XCBuildConfiguration;
			buildSettings = {
				ALWAYS_SEARCH_USER_PATHS = NO;
				CLANG_CXX_LANGUAGE_STANDARD = "gnu++0x";
				CLANG_CXX_LIBRARY = "libc++";
				CLANG_ENABLE_MODULES = YES;
				CLANG_ENABLE_OBJC_ARC = YES;
				CLANG_WARN_BOOL_CONVERSION = YES;
				CLANG_WARN_CONSTANT_CONVERSION = YES;
				CLANG_WARN_DIRECT_OBJC_ISA_USAGE = YES_ERROR;
				CLANG_WARN_EMPTY_BODY = YES;
				CLANG_WARN_ENUM_CONVERSION = YES;
				CLANG_WARN_INT_CONVERSION = YES;
				CLANG_WARN_OBJC_ROOT_CLASS = YES_ERROR;
				CLANG_WARN_UNREACHABLE_CODE = YES;
				CLANG_WARN__DUPLICATE_METHOD_MATCH = YES;
				CODE_SIGN_IDENTITY = "iPhone Developer";
				"CODE_SIGN_IDENTITY[sdk=iphoneos*]" = "iPhone Developer";
				COPY_PHASE_STRIP = YES;
				ENABLE_NS_ASSERTIONS = NO;
				ENABLE_STRICT_OBJC_MSGSEND = YES;
				GCC_C_LANGUAGE_STANDARD = gnu99;
				GCC_WARN_64_TO_32_BIT_CONVERSION = YES;
				GCC_WARN_ABOUT_RETURN_TYPE = YES_ERROR;
				GCC_WARN_UNDECLARED_SELECTOR = YES;
				GCC_WARN_UNINITIALIZED_AUTOS = YES_AGGRESSIVE;
				GCC_WARN_UNUSED_FUNCTION = YES;
				GCC_WARN_UNUSED_VARIABLE = YES;
				IPHONEOS_DEPLOYMENT_TARGET = 8.2;
				MTL_ENABLE_DEBUG_INFO = NO;
				SDKROOT = iphoneos;
				TARGETED_DEVICE_FAMILY = "1,2";
				VALIDATE_PRODUCT = YES;
			};
			name = Release;
		};
		41DDE4001A1E7FD4009CF828 /* Debug */ = {
			isa = XCBuildConfiguration;
			baseConfigurationReference = 27E52D52C0A21CE273EBF9DF /* Pods-HonoursProject.debug.xcconfig */;
			buildSettings = {
				ASSETCATALOG_COMPILER_APPICON_NAME = AppIcon;
				CLANG_ENABLE_MODULES = YES;
				CODE_SIGN_IDENTITY = "iPhone Developer";
				"CODE_SIGN_IDENTITY[sdk=iphoneos*]" = "iPhone Developer";
				FRAMEWORK_SEARCH_PATHS = (
					"$(inherited)",
					"$(PROJECT_DIR)",
				);
				INFOPLIST_FILE = HonoursProject/Info.plist;
				IPHONEOS_DEPLOYMENT_TARGET = 8.2;
				LD_RUNPATH_SEARCH_PATHS = "$(inherited) @executable_path/Frameworks";
				PRODUCT_NAME = "$(TARGET_NAME)";
				PROVISIONING_PROFILE = "";
				SWIFT_OBJC_BRIDGING_HEADER = "HonoursProject/HonoursProject-Bridging-Header.h";
				SWIFT_OPTIMIZATION_LEVEL = "-Onone";
			};
			name = Debug;
		};
		41DDE4011A1E7FD4009CF828 /* Release */ = {
			isa = XCBuildConfiguration;
			baseConfigurationReference = CF834D46768584415642F038 /* Pods-HonoursProject.release.xcconfig */;
			buildSettings = {
				ASSETCATALOG_COMPILER_APPICON_NAME = AppIcon;
				CLANG_ENABLE_MODULES = YES;
				CODE_SIGN_IDENTITY = "iPhone Developer";
				"CODE_SIGN_IDENTITY[sdk=iphoneos*]" = "iPhone Developer";
				FRAMEWORK_SEARCH_PATHS = (
					"$(inherited)",
					"$(PROJECT_DIR)",
				);
				INFOPLIST_FILE = HonoursProject/Info.plist;
				IPHONEOS_DEPLOYMENT_TARGET = 8.2;
				LD_RUNPATH_SEARCH_PATHS = "$(inherited) @executable_path/Frameworks";
				PRODUCT_NAME = "$(TARGET_NAME)";
				PROVISIONING_PROFILE = "";
				SWIFT_OBJC_BRIDGING_HEADER = "HonoursProject/HonoursProject-Bridging-Header.h";
			};
			name = Release;
		};
		41DDE4031A1E7FD4009CF828 /* Debug */ = {
			isa = XCBuildConfiguration;
			buildSettings = {
				BUNDLE_LOADER = "$(TEST_HOST)";
				FRAMEWORK_SEARCH_PATHS = (
					"$(SDKROOT)/Developer/Library/Frameworks",
					"$(inherited)",
				);
				GCC_PREPROCESSOR_DEFINITIONS = (
					"DEBUG=1",
					"$(inherited)",
				);
				INFOPLIST_FILE = HonoursProjectTests/Info.plist;
				LD_RUNPATH_SEARCH_PATHS = "$(inherited) @executable_path/Frameworks @loader_path/Frameworks";
				PRODUCT_NAME = "$(TARGET_NAME)";
				TEST_HOST = "$(BUILT_PRODUCTS_DIR)/HonoursProject.app/HonoursProject";
			};
			name = Debug;
		};
		41DDE4041A1E7FD4009CF828 /* Release */ = {
			isa = XCBuildConfiguration;
			buildSettings = {
				BUNDLE_LOADER = "$(TEST_HOST)";
				FRAMEWORK_SEARCH_PATHS = (
					"$(SDKROOT)/Developer/Library/Frameworks",
					"$(inherited)",
				);
				INFOPLIST_FILE = HonoursProjectTests/Info.plist;
				LD_RUNPATH_SEARCH_PATHS = "$(inherited) @executable_path/Frameworks @loader_path/Frameworks";
				PRODUCT_NAME = "$(TARGET_NAME)";
				TEST_HOST = "$(BUILT_PRODUCTS_DIR)/HonoursProject.app/HonoursProject";
			};
			name = Release;
		};
/* End XCBuildConfiguration section */

/* Begin XCConfigurationList section */
		41DDE3D91A1E7FD3009CF828 /* Build configuration list for PBXProject "HonoursProject" */ = {
			isa = XCConfigurationList;
			buildConfigurations = (
				41DDE3FD1A1E7FD4009CF828 /* Debug */,
				41DDE3FE1A1E7FD4009CF828 /* Release */,
			);
			defaultConfigurationIsVisible = 0;
			defaultConfigurationName = Release;
		};
		41DDE3FF1A1E7FD4009CF828 /* Build configuration list for PBXNativeTarget "HonoursProject" */ = {
			isa = XCConfigurationList;
			buildConfigurations = (
				41DDE4001A1E7FD4009CF828 /* Debug */,
				41DDE4011A1E7FD4009CF828 /* Release */,
			);
			defaultConfigurationIsVisible = 0;
			defaultConfigurationName = Release;
		};
		41DDE4021A1E7FD4009CF828 /* Build configuration list for PBXNativeTarget "HonoursProjectTests" */ = {
			isa = XCConfigurationList;
			buildConfigurations = (
				41DDE4031A1E7FD4009CF828 /* Debug */,
				41DDE4041A1E7FD4009CF828 /* Release */,
			);
			defaultConfigurationIsVisible = 0;
			defaultConfigurationName = Release;
		};
/* End XCConfigurationList section */

/* Begin XCVersionGroup section */
		4131DC3B1ACC89460013D751 /* HonoursProject.xcdatamodeld */ = {
			isa = XCVersionGroup;
			children = (
				4131DC3C1ACC89460013D751 /* HonoursProject 2.xcdatamodel */,
				4131DC3D1ACC89460013D751 /* HonoursProject.xcdatamodel */,
			);
			currentVersion = 4131DC3C1ACC89460013D751 /* HonoursProject 2.xcdatamodel */;
			path = HonoursProject.xcdatamodeld;
			sourceTree = "<group>";
			versionGroupType = wrapper.xcdatamodel;
		};
/* End XCVersionGroup section */
	};
	rootObject = 41DDE3D61A1E7FD3009CF828 /* Project object */;
}
